{
    "_meta": {
        "hash": {
            "sha256": "685f2bf2b277e5c80b5e2d91b35b84f31500f38e3fb1a42d1082a35979aee111"
        },
        "host-environment-markers": {
            "implementation_name": "cpython",
            "implementation_version": "3.6.2",
            "os_name": "posix",
            "platform_machine": "x86_64",
            "platform_python_implementation": "CPython",
            "platform_release": "16.7.0",
            "platform_system": "Darwin",
            "platform_version": "Darwin Kernel Version 16.7.0: Thu Jun 15 17:36:27 PDT 2017; root:xnu-3789.70.16~2/RELEASE_X86_64",
            "python_full_version": "3.6.2",
            "python_version": "3.6",
            "sys_platform": "darwin"
        },
        "pipfile-spec": 6,
        "requires": {
            "python_version": "3.6"
        },
        "sources": [
            {
                "name": "pypi",
                "url": "https://pypi.python.org/simple",
                "verify_ssl": true
            }
        ]
    },
    "default": {
        "aiobotocore": {
            "hashes": [
                "sha256:3683dfeb0396566af9c957b568bd28ee853e4d09a1735025e0b54d61bbe38a7f",
                "sha256:26cbb16448f911d49296ec98a4b742115ce0d378051caa1b06b7e9f31190524d"
            ],
            "version": "==0.4.5"
        },
        "aiohttp": {
            "hashes": [
                "sha256:9705ded5a0faa25c8f14c6afb7044002d66c9120ed7eadb4aa9ca4aad32bd00c",
                "sha256:de8ef106e130b94ca143fdfc6f27cda1d8ba439462542377738af4d99d9f5dd2",
                "sha256:f0e2ac69cb709367400008cebccd5d48161dd146096a009a632a132babe5714c",
                "sha256:33c62afd115c456b0cf1e890fe6753055effe0f31a28321efd4f787378d6f4ab",
                "sha256:dcc7e4dcec6b0012537b9f8a0726f8b111188894ab0f924b680d40b13d3298a0",
                "sha256:b80f44b99fa3c9b4530fcfa324a99b84843043c35b084e0b653566049974435d",
                "sha256:eb6f1405b607fff7e44168e3ceb5d3c8a8c5a2d3effe0a27f843b16ec047a6d7",
                "sha256:666756e1d4cf161ed1486b82f65fdd386ac07dd20fb10f025abf4be54be12746",
                "sha256:d611ebd1ef48498210b65486306e065fde031040a1f3c455ca1b6baa7bf32ad3",
                "sha256:c67e105ec74b85c8cb666b6877569dee6f55b9548f982983b9bee80b3d47e6f3",
                "sha256:129d83dd067760cec3cfd4456b5c6d7ac29f2c639d856884568fd539bed5a51f",
                "sha256:d15c6658de5b7783c2538407278fa062b079a46d5f814a133ae0f09bbb2cfbc4",
                "sha256:af5bfdd164256118a0a306b3f7046e63207d1f8cba73a67dcc0bd858dcfcd3bc"
            ],
            "version": "==2.2.5"
        },
        "async-timeout": {
            "hashes": [
                "sha256:5b5c855783f65dfda72fc15ca538070188776ece811408867e64dd3cce53371d",
                "sha256:983891535b1eca6ba82b9df671c8abff53c804fce3fa630058da5bbbda500340"
            ],
            "version": "==1.4.0"
        },
        "botocore": {
            "hashes": [
                "sha256:21a237c1e2f474755533b1f2c3fb651a8e5b360583caf9af9218993206552515",
                "sha256:86ff302fa8bcb9d9025d2dc8bea6b3d5c1786afa9003d1fd4cc1247030d5411b"
            ],
            "version": "==1.7.5"
        },
        "chardet": {
            "hashes": [
                "sha256:fc323ffcaeaed0e0a02bf4d117757b98aed530d9ed4531e3e15460124c106691",
                "sha256:84ab92ed1c4d4f16916e05906b6b75a6c0fb5db821cc65e70cbd64a3e2a5eaae"
            ],
            "version": "==3.0.4"
        },
        "docutils": {
            "hashes": [
                "sha256:7a4bd47eaf6596e1295ecb11361139febe29b084a87bf005bf899f9a42edc3c6",
                "sha256:02aec4bd92ab067f6ff27a38a38a41173bf01bed8f89157768c1573f53e474a6",
                "sha256:51e64ef2ebfb29cae1faa133b3710143496eca21c530f3f71424d77687764274"
            ],
            "version": "==0.14"
        },
        "jmespath": {
            "hashes": [
                "sha256:f11b4461f425740a1d908e9a3f7365c3d2e569f6ca68a2ff8bc5bcd9676edd63",
                "sha256:6a81d4c9aa62caf061cb517b4d9ad1dd300374cd4706997aff9cd6aedd61fc64"
            ],
            "version": "==0.9.3"
        },
        "multidict": {
            "hashes": [
                "sha256:82501e91b8143d48f905b3286ad0ed1bdab7c0f3484295e52dba19ff08d91026",
                "sha256:d13a9d9ddebdc2f6d93c0c43c39dd071fe9af13fc4f3977f2e380d9c478d74a7",
                "sha256:0bf9e3ce1ea6ebd53b47e09c451780638cb52856fe884720cd1ae4b433f8a2cb",
                "sha256:9b185a57d9fa3d242c1e0618becb8aa1c46d2129a9f490a8a9bc1df120ad8aee",
                "sha256:57e836b2683b9ed507660c0ce6af41a59d8de0047d2665d898a3d88c6e487017",
                "sha256:adaa408db42e55fb48afff452d7af9f285a641a88e138bb3e03b29102983e8f1",
                "sha256:0328c66f3bf2b389b8e002d63ea6eba74f86bedb0e630a93a2b9e6dce1787b60",
                "sha256:56c145971e374642b7bba4714040d8fded0d7d018a698e7be79c789f9de705f7",
                "sha256:68afb2e8dafdc8b687af9e38e77192d2a4888a3cb110659ff5a7cfc96be5ddec",
                "sha256:ca1f02baba1ce89eda8bc5a9208c58510586d0608cc0f355b153b514ec888599",
                "sha256:7a1ff7659b1f198b61a4033bb253a6a36c846d7f1d9a0052b4881f27f5be7d6d",
                "sha256:89de0034ab008d5e81ec3ec58fb31a8c751908d73e3d9650e0044da836a3f280",
                "sha256:e27a7a95317371c15ecda7206f6e8c144f10a337bb2c3e61b5176deafbb88cb2"
            ],
            "version": "==3.2.0"
        },
        "packaging": {
            "hashes": [
                "sha256:99276dc6e3a7851f32027a68f1095cd3f77c148091b092ea867a351811cfe388",
                "sha256:5d50835fdf0a7edf0b55e311b7c887786504efea1177abd7e69329a8e5ea619e"
            ],
            "version": "==16.8"
        },
        "pyparsing": {
            "hashes": [
                "sha256:fee43f17a9c4087e7ed1605bd6df994c6173c1e977d7ade7b651292fab2bd010",
                "sha256:0832bcf47acd283788593e7a0f542407bd9550a55a8a8435214a1960e04bcb04",
                "sha256:9e8143a3e15c13713506886badd96ca4b579a87fbdf49e550dbfc057d6cb218e",
                "sha256:281683241b25fe9b80ec9d66017485f6deff1af5cde372469134b56ca8447a07",
                "sha256:b8b3117ed9bdf45e14dcc89345ce638ec7e0e29b2b579fa1ecf32ce45ebac8a5",
                "sha256:8f1e18d3fd36c6795bb7e02a39fd05c611ffc2596c1e0d995d34d67630426c18",
                "sha256:e4d45427c6e20a59bf4f88c639dcc03ce30d193112047f94012102f235853a58"
            ],
            "version": "==2.2.0"
        },
        "python-dateutil": {
            "hashes": [
                "sha256:95511bae634d69bc7329ba55e646499a842bc4ec342ad54a8cdb65645a0aad3c",
                "sha256:891c38b2a02f5bb1be3e4793866c8df49c7d19baabf9c1bad62547e0b4866aca"
            ],
            "version": "==2.6.1"
        },
        "six": {
            "hashes": [
                "sha256:832dc0e10feb1aa2c68dcc57dbb658f1c7e65b9b61af69048abc87a2db00a0eb",
                "sha256:70e8a77beed4562e7f14fe23a786b54f6296e34344c23bc42f07b15018ff98e9"
            ],
            "version": "==1.11.0"
        },
        "wrapt": {
            "hashes": [
                "sha256:d4d560d479f2c21e1b5443bbd15fe7ec4b37fe7e53d335d3b9b0a7b1226fe3c6"
            ],
            "version": "==1.10.11"
        },
        "yarl": {
            "hashes": [
                "sha256:2c17908b08b6ceff0944d2256eb889e5d81761509dc24504433bbcb7761eeb93",
                "sha256:ef30d9341db7e8a5adfeb5ccb70fe87847b6783a4a3069fdab2e0fa2cf04224d",
                "sha256:3e33c333aa5521f6751a79b53e4c557b398309f41c3ba208da841211c312bac8",
                "sha256:a377d7145e178dbe96c2e578acb69cf99d66ad5125dc928e583df9471a5f8734",
                "sha256:810a4c07691325716f1a4db2694e23ef03ce25165d8b75c4312aac1d6a8c9eaf",
                "sha256:c8a8a797c18764706863998719612776c8e42770005963c462a8a5ec4407278e",
                "sha256:4c02c43bc49e64a6da3b362200988c3a34df2ec0356bf42dc52cd995265a548a",
                "sha256:165baace17c27b96ccb9a01c7f713af2d0b7cc4c11a1aba6789431495b83b63f",
                "sha256:9696b961a9a787298615c46d02488d30231b5f2a1c6d69847d06315e01e4d186",
                "sha256:093740341ed419afcbeb7af7548d726ecf03059ddaa2002d8d0ae68654cd97ab",
                "sha256:fc0f71ffdce882b4d4b287b0b3a68d9f2557ab14cc2c10ce4df714c42512cbde"
            ],
            "version": "==0.12.0"
        }
    },
    "develop": {}
}
